PODS:
  - CocoaLumberjack (3.7.2):
    - CocoaLumberjack/Core (= 3.7.2)
  - CocoaLumberjack/Core (3.7.2)
  - IQKeyboardManagerSwift (6.5.6)
  - SDWebImage/Core (5.11.1)
  - SDWebImageSVGCoder (1.6.0):
    - SDWebImage/Core (~> 5.6)
  - SVGKit (3.0.0):
    - CocoaLumberjack (~> 3.0)

DEPENDENCIES:
  - IQKeyboardManagerSwift (~> 6.5.6)
  - SDWebImageSVGCoder
  - SVGKit

SPEC REPOS:
  trunk:
    - CocoaLumberjack
    - IQKeyboardManagerSwift
    - SDWebImage
    - SDWebImageSVGCoder
    - SVGKit

SPEC CHECKSUMS:
  CocoaLumberjack: b7e05132ff94f6ae4dfa9d5bce9141893a21d9da
  IQKeyboardManagerSwift: c7df9d2deb356c04522f5c4b7b6e4ce4d8ed94fe
  SDWebImage: a7f831e1a65eb5e285e3fb046a23fcfbf08e696d
  SDWebImageSVGCoder: 020cc0f1ab0ef8ca63a9365c03421d67aa3d4a46
  SVGKit: 1ad7513f8c74d9652f94ed64ddecda1a23864dea

PODFILE CHECKSUM: bd05a465659e116d50e69866faef9891df359436

COCOAPODS: 1.10.2
